
Microsoft Visual Studio Solution File, Format Version 12.00
# Visual Studio 15
VisualStudioVersion = 15.0.28307.106
MinimumVisualStudioVersion = 10.0.40219.1
Project("{FAE04EC0-301F-11D3-BF4B-00C04F79EFBC}") = "TestDrivenDevelopment", "TestDrivenDevelopment\TestDrivenDevelopment.csproj", "{73F63AEB-C79D-4EB6-B3C8-9F76F4A0D68E}"
EndProject
Project("{FAE04EC0-301F-11D3-BF4B-00C04F79EFBC}") = "TestDrivenDevelopmentTest", "TestDrivenDevelopmentTest\TestDrivenDevelopmentTest.csproj", "{40510750-A99A-41E8-AF21-4E117D90E12B}"
EndProject
Global
	GlobalSection(SolutionConfigurationPlatforms) = preSolution
		Debug|Any CPU = Debug|Any CPU
		Release|Any CPU = Release|Any CPU
	EndGlobalSection
	GlobalSection(ProjectConfigurationPlatforms) = postSolution
		{73F63AEB-C79D-4EB6-B3C8-9F76F4A0D68E}.Debug|Any CPU.ActiveCfg = Debug|Any CPU
		{73F63AEB-C79D-4EB6-B3C8-9F76F4A0D68E}.Debug|Any CPU.Build.0 = Debug|Any CPU
		{73F63AEB-C79D-4EB6-B3C8-9F76F4A0D68E}.Release|Any CPU.ActiveCfg = Release|Any CPU
		{73F63AEB-C79D-4EB6-B3C8-9F76F4A0D68E}.Release|Any CPU.Build.0 = Release|Any CPU
		{40510750-A99A-41E8-AF21-4E117D90E12B}.Debug|Any CPU.ActiveCfg = Debug|Any CPU
		{40510750-A99A-41E8-AF21-4E117D90E12B}.Debug|Any CPU.Build.0 = Debug|Any CPU
		{40510750-A99A-41E8-AF21-4E117D90E12B}.Release|Any CPU.ActiveCfg = Release|Any CPU
		{40510750-A99A-41E8-AF21-4E117D90E12B}.Release|Any CPU.Build.0 = Release|Any CPU
	EndGlobalSection
	GlobalSection(SolutionProperties) = preSolution
		HideSolutionNode = FALSE
	EndGlobalSection
	GlobalSection(ExtensibilityGlobals) = postSolution
		SolutionGuid = {B2E5BCCA-51B2-4DC2-AF5B-929D70673D10}
	EndGlobalSection
EndGlobal
